
Microsoft Visual Studio Solution File, Format Version 12.00
# Visual Studio Version 16
VisualStudioVersion = 16.0.30717.126
MinimumVisualStudioVersion = 10.0.40219.1
Project("{FAE04EC0-301F-11D3-BF4B-00C04F79EFBC}") = "TopFilme", "TopFilme.csproj", "{95DC075B-2613-4E8A-B631-62BE42D720A5}"
EndProject
Global
	GlobalSection(SolutionConfigurationPlatforms) = preSolution
		Debug|Any CPU = Debug|Any CPU
		Release|Any CPU = Release|Any CPU
	EndGlobalSection
	GlobalSection(ProjectConfigurationPlatforms) = postSolution
		{95DC075B-2613-4E8A-B631-62BE42D720A5}.Debug|Any CPU.ActiveCfg = Debug|Any CPU
		{95DC075B-2613-4E8A-B631-62BE42D720A5}.Debug|Any CPU.Build.0 = Debug|Any CPU
		{95DC075B-2613-4E8A-B631-62BE42D720A5}.Release|Any CPU.ActiveCfg = Release|Any CPU
		{95DC075B-2613-4E8A-B631-62BE42D720A5}.Release|Any CPU.Build.0 = Release|Any CPU
	EndGlobalSection
	GlobalSection(SolutionProperties) = preSolution
		HideSolutionNode = FALSE
	EndGlobalSection
	GlobalSection(ExtensibilityGlobals) = postSolution
		SolutionGuid = {CFA13961-C995-4778-9DCA-3FD3B0E06857}
	EndGlobalSection
EndGlobal
